
Microsoft Visual Studio Solution File, Format Version 12.00
# Visual Studio Version 17
VisualStudioVersion = 17.0.31903.59
MinimumVisualStudioVersion = 10.0.40219.1
Project("{9A19103F-16F7-4668-BE54-9A1E7A4F7556}") = "Office Updater", "Office Updater\Office Updater.csproj", "{18FCA918-B610-40F5-AD52-558521EAE78B}"
EndProject
Project("{9A19103F-16F7-4668-BE54-9A1E7A4F7556}") = "Server Panel", "Server Panel\Server Panel.csproj", "{35600254-8D7C-413A-8DAA-C6D676A80F11}"
EndProject
Global
	GlobalSection(SolutionConfigurationPlatforms) = preSolution
		Debug|Any CPU = Debug|Any CPU
		Release|Any CPU = Release|Any CPU
	EndGlobalSection
	GlobalSection(ProjectConfigurationPlatforms) = postSolution
		{18FCA918-B610-40F5-AD52-558521EAE78B}.Debug|Any CPU.ActiveCfg = Debug|Any CPU
		{18FCA918-B610-40F5-AD52-558521EAE78B}.Debug|Any CPU.Build.0 = Debug|Any CPU
		{18FCA918-B610-40F5-AD52-558521EAE78B}.Release|Any CPU.ActiveCfg = Release|Any CPU
		{18FCA918-B610-40F5-AD52-558521EAE78B}.Release|Any CPU.Build.0 = Release|Any CPU
		{35600254-8D7C-413A-8DAA-C6D676A80F11}.Debug|Any CPU.ActiveCfg = Debug|Any CPU
		{35600254-8D7C-413A-8DAA-C6D676A80F11}.Debug|Any CPU.Build.0 = Debug|Any CPU
		{35600254-8D7C-413A-8DAA-C6D676A80F11}.Release|Any CPU.ActiveCfg = Release|Any CPU
		{35600254-8D7C-413A-8DAA-C6D676A80F11}.Release|Any CPU.Build.0 = Release|Any CPU
	EndGlobalSection
	GlobalSection(SolutionProperties) = preSolution
		HideSolutionNode = FALSE
	EndGlobalSection
	GlobalSection(ExtensibilityGlobals) = postSolution
		SolutionGuid = {979EAA2F-8671-4ABB-8034-281D5BD839D4}
	EndGlobalSection
EndGlobal
